// !$*UTF8*$!
{
	archiveVersion = 1;
	classes = {
	};
	objectVersion = 50;
	objects = {

/* Begin PBXBuildFile section */
		5A83D56921F4956B00BA8F68 /* WeatherModel.swift in Sources */ = {isa = PBXBuildFile; fileRef = 5A83D56821F4956B00BA8F68 /* WeatherModel.swift */; };
		5A83D57021F4DF4E00BA8F68 /* NetworkingManager.swift in Sources */ = {isa = PBXBuildFile; fileRef = 5A83D56F21F4DF4E00BA8F68 /* NetworkingManager.swift */; };
		78869FBDEA66F7A665E57021 /* Pods_CareWeather.framework in Frameworks */ = {isa = PBXBuildFile; fileRef = F6729729515BE8AB6B63EB5D /* Pods_CareWeather.framework */; };
		EE42948520D203A100376C56 /* AppDelegate.swift in Sources */ = {isa = PBXBuildFile; fileRef = EE42948420D203A100376C56 /* AppDelegate.swift */; };
		EE42948720D203A100376C56 /* HomeVC.swift in Sources */ = {isa = PBXBuildFile; fileRef = EE42948620D203A100376C56 /* HomeVC.swift */; };
		EE42948A20D203A100376C56 /* Main.storyboard in Resources */ = {isa = PBXBuildFile; fileRef = EE42948820D203A100376C56 /* Main.storyboard */; };
		EE42948F20D203C200376C56 /* LaunchScreen.storyboard in Resources */ = {isa = PBXBuildFile; fileRef = EE42948D20D203C200376C56 /* LaunchScreen.storyboard */; };
		EE47CB5221071B1800F861BB /* CityModel.swift in Sources */ = {isa = PBXBuildFile; fileRef = EE47CB5121071B1800F861BB /* CityModel.swift */; };
		EE47CB8A210EB7A800F861BB /* AnimationTransitions.swift in Sources */ = {isa = PBXBuildFile; fileRef = EE47CB89210EB7A800F861BB /* AnimationTransitions.swift */; };
		EE47CB8C210EFBB700F861BB /* DetailVC.swift in Sources */ = {isa = PBXBuildFile; fileRef = EE47CB8B210EFBB700F861BB /* DetailVC.swift */; };
		EE79FC9220D89B2C0074EBAC /* WeatherView.swift in Sources */ = {isa = PBXBuildFile; fileRef = EE79FC9120D89B2C0074EBAC /* WeatherView.swift */; };
		EE79FC9420D89B870074EBAC /* WeatherDetailView.swift in Sources */ = {isa = PBXBuildFile; fileRef = EE79FC9320D89B870074EBAC /* WeatherDetailView.swift */; };
		EE79FC9720D8E35E0074EBAC /* Configuration.swift in Sources */ = {isa = PBXBuildFile; fileRef = EE79FC9620D8E35E0074EBAC /* Configuration.swift */; };
		EE79FC9920D8FFD90074EBAC /* Assets.xcassets in Resources */ = {isa = PBXBuildFile; fileRef = EE79FC9820D8FFD90074EBAC /* Assets.xcassets */; };
		EE79FCA620D90C8B0074EBAC /* AAChartModel.swift in Sources */ = {isa = PBXBuildFile; fileRef = EE79FC9C20D90C8B0074EBAC /* AAChartModel.swift */; };
		EE79FCA720D90C8B0074EBAC /* AAChartView.swift in Sources */ = {isa = PBXBuildFile; fileRef = EE79FC9D20D90C8B0074EBAC /* AAChartView.swift */; };
		EE79FCA820D90C8B0074EBAC /* AASerializable.swift in Sources */ = {isa = PBXBuildFile; fileRef = EE79FC9E20D90C8B0074EBAC /* AASerializable.swift */; };
		EE79FCA920D90C8B0074EBAC /* AASeriesElement.swift in Sources */ = {isa = PBXBuildFile; fileRef = EE79FC9F20D90C8B0074EBAC /* AASeriesElement.swift */; };
		EE79FCAA20D90C8B0074EBAC /* AAChartView.html in Resources */ = {isa = PBXBuildFile; fileRef = EE79FCA120D90C8B0074EBAC /* AAChartView.html */; };
		EE79FCAB20D90C8B0074EBAC /* AAFunnel.js in Resources */ = {isa = PBXBuildFile; fileRef = EE79FCA220D90C8B0074EBAC /* AAFunnel.js */; };
		EE79FCAC20D90C8B0074EBAC /* AAHighchartsLib.js in Resources */ = {isa = PBXBuildFile; fileRef = EE79FCA320D90C8B0074EBAC /* AAHighchartsLib.js */; };
		EE79FCAD20D90C8B0074EBAC /* AAHighchartsMore.js in Resources */ = {isa = PBXBuildFile; fileRef = EE79FCA420D90C8B0074EBAC /* AAHighchartsMore.js */; };
		EE79FCAE20D90C8B0074EBAC /* AAOptionsConstructor.js in Resources */ = {isa = PBXBuildFile; fileRef = EE79FCA520D90C8B0074EBAC /* AAOptionsConstructor.js */; };
		EE79FCB120DA26D20074EBAC /* BaseViewController.swift in Sources */ = {isa = PBXBuildFile; fileRef = EE79FCB020DA26D20074EBAC /* BaseViewController.swift */; };
		EE79FCB420DA322B0074EBAC /* GlobalInfo.swift in Sources */ = {isa = PBXBuildFile; fileRef = EE79FCB320DA322B0074EBAC /* GlobalInfo.swift */; };
		EE92D7DA20EB74C200B83EB8 /* CityVC.swift in Sources */ = {isa = PBXBuildFile; fileRef = EE92D7D920EB74C200B83EB8 /* CityVC.swift */; };
		EE92D7E220EC9FF600B83EB8 /* CityCell.swift in Sources */ = {isa = PBXBuildFile; fileRef = EE92D7E120EC9FF600B83EB8 /* CityCell.swift */; };
/* End PBXBuildFile section */

/* Begin PBXFileReference section */
		576116567FB3D5E513C3B5E9 /* Pods-CareWeather.release.xcconfig */ = {isa = PBXFileReference; includeInIndex = 1; lastKnownFileType = text.xcconfig; name = "Pods-CareWeather.release.xcconfig"; path = "Pods/Target Support Files/Pods-CareWeather/Pods-CareWeather.release.xcconfig"; sourceTree = "<group>"; };
		5A83D56821F4956B00BA8F68 /* WeatherModel.swift */ = {isa = PBXFileReference; lastKnownFileType = sourcecode.swift; path = WeatherModel.swift; sourceTree = "<group>"; };
		5A83D56F21F4DF4E00BA8F68 /* NetworkingManager.swift */ = {isa = PBXFileReference; lastKnownFileType = sourcecode.swift; path = NetworkingManager.swift; sourceTree = "<group>"; };
		615F7F17B8A5B970C325F737 /* Pods-CareWeather.debug.xcconfig */ = {isa = PBXFileReference; includeInIndex = 1; lastKnownFileType = text.xcconfig; name = "Pods-CareWeather.debug.xcconfig"; path = "Pods/Target Support Files/Pods-CareWeather/Pods-CareWeather.debug.xcconfig"; sourceTree = "<group>"; };
		EE42948120D203A100376C56 /* CareWeather.app */ = {isa = PBXFileReference; explicitFileType = wrapper.application; includeInIndex = 0; path = CareWeather.app; sourceTree = BUILT_PRODUCTS_DIR; };
		EE42948420D203A100376C56 /* AppDelegate.swift */ = {isa = PBXFileReference; lastKnownFileType = sourcecode.swift; path = AppDelegate.swift; sourceTree = "<group>"; };
		EE42948620D203A100376C56 /* HomeVC.swift */ = {isa = PBXFileReference; lastKnownFileType = sourcecode.swift; path = HomeVC.swift; sourceTree = "<group>"; };
		EE42948920D203A100376C56 /* Base */ = {isa = PBXFileReference; lastKnownFileType = file.storyboard; name = Base; path = Base.lproj/Main.storyboard; sourceTree = "<group>"; };
		EE42948E20D203C200376C56 /* Base */ = {isa = PBXFileReference; lastKnownFileType = file.storyboard; name = Base; path = Base.lproj/LaunchScreen.storyboard; sourceTree = "<group>"; };
		EE42949020D203C200376C56 /* Info.plist */ = {isa = PBXFileReference; lastKnownFileType = text.plist.xml; path = Info.plist; sourceTree = "<group>"; };
		EE47CB5121071B1800F861BB /* CityModel.swift */ = {isa = PBXFileReference; lastKnownFileType = sourcecode.swift; path = CityModel.swift; sourceTree = "<group>"; };
		EE47CB89210EB7A800F861BB /* AnimationTransitions.swift */ = {isa = PBXFileReference; lastKnownFileType = sourcecode.swift; path = AnimationTransitions.swift; sourceTree = "<group>"; };
		EE47CB8B210EFBB700F861BB /* DetailVC.swift */ = {isa = PBXFileReference; lastKnownFileType = sourcecode.swift; path = DetailVC.swift; sourceTree = "<group>"; };
		EE79FC9120D89B2C0074EBAC /* WeatherView.swift */ = {isa = PBXFileReference; lastKnownFileType = sourcecode.swift; path = WeatherView.swift; sourceTree = "<group>"; };
		EE79FC9320D89B870074EBAC /* WeatherDetailView.swift */ = {isa = PBXFileReference; lastKnownFileType = sourcecode.swift; path = WeatherDetailView.swift; sourceTree = "<group>"; };
		EE79FC9620D8E35E0074EBAC /* Configuration.swift */ = {isa = PBXFileReference; lastKnownFileType = sourcecode.swift; path = Configuration.swift; sourceTree = "<group>"; };
		EE79FC9820D8FFD90074EBAC /* Assets.xcassets */ = {isa = PBXFileReference; lastKnownFileType = folder.assetcatalog; path = Assets.xcassets; sourceTree = "<group>"; };
		EE79FC9C20D90C8B0074EBAC /* AAChartModel.swift */ = {isa = PBXFileReference; fileEncoding = 4; lastKnownFileType = sourcecode.swift; path = AAChartModel.swift; sourceTree = "<group>"; };
		EE79FC9D20D90C8B0074EBAC /* AAChartView.swift */ = {isa = PBXFileReference; fileEncoding = 4; lastKnownFileType = sourcecode.swift; path = AAChartView.swift; sourceTree = "<group>"; };
		EE79FC9E20D90C8B0074EBAC /* AASerializable.swift */ = {isa = PBXFileReference; fileEncoding = 4; lastKnownFileType = sourcecode.swift; path = AASerializable.swift; sourceTree = "<group>"; };
		EE79FC9F20D90C8B0074EBAC /* AASeriesElement.swift */ = {isa = PBXFileReference; fileEncoding = 4; lastKnownFileType = sourcecode.swift; path = AASeriesElement.swift; sourceTree = "<group>"; };
		EE79FCA120D90C8B0074EBAC /* AAChartView.html */ = {isa = PBXFileReference; fileEncoding = 4; lastKnownFileType = text.html; path = AAChartView.html; sourceTree = "<group>"; };
		EE79FCA220D90C8B0074EBAC /* AAFunnel.js */ = {isa = PBXFileReference; fileEncoding = 4; lastKnownFileType = sourcecode.javascript; path = AAFunnel.js; sourceTree = "<group>"; };
		EE79FCA320D90C8B0074EBAC /* AAHighchartsLib.js */ = {isa = PBXFileReference; fileEncoding = 4; lastKnownFileType = sourcecode.javascript; path = AAHighchartsLib.js; sourceTree = "<group>"; };
		EE79FCA420D90C8B0074EBAC /* AAHighchartsMore.js */ = {isa = PBXFileReference; fileEncoding = 4; lastKnownFileType = sourcecode.javascript; path = AAHighchartsMore.js; sourceTree = "<group>"; };
		EE79FCA520D90C8B0074EBAC /* AAOptionsConstructor.js */ = {isa = PBXFileReference; fileEncoding = 4; lastKnownFileType = sourcecode.javascript; path = AAOptionsConstructor.js; sourceTree = "<group>"; };
		EE79FCB020DA26D20074EBAC /* BaseViewController.swift */ = {isa = PBXFileReference; lastKnownFileType = sourcecode.swift; path = BaseViewController.swift; sourceTree = "<group>"; };
		EE79FCB320DA322B0074EBAC /* GlobalInfo.swift */ = {isa = PBXFileReference; lastKnownFileType = sourcecode.swift; path = GlobalInfo.swift; sourceTree = "<group>"; };
		EE92D7D920EB74C200B83EB8 /* CityVC.swift */ = {isa = PBXFileReference; lastKnownFileType = sourcecode.swift; path = CityVC.swift; sourceTree = "<group>"; };
		EE92D7E120EC9FF600B83EB8 /* CityCell.swift */ = {isa = PBXFileReference; lastKnownFileType = sourcecode.swift; path = CityCell.swift; sourceTree = "<group>"; };
		F6729729515BE8AB6B63EB5D /* Pods_CareWeather.framework */ = {isa = PBXFileReference; explicitFileType = wrapper.framework; includeInIndex = 0; path = Pods_CareWeather.framework; sourceTree = BUILT_PRODUCTS_DIR; };
/* End PBXFileReference section */

/* Begin PBXFrameworksBuildPhase section */
		EE42947E20D203A100376C56 /* Frameworks */ = {
			isa = PBXFrameworksBuildPhase;
			buildActionMask = 2147483647;
			files = (
				78869FBDEA66F7A665E57021 /* Pods_CareWeather.framework in Frameworks */,
			);
			runOnlyForDeploymentPostprocessing = 0;
		};
/* End PBXFrameworksBuildPhase section */

/* Begin PBXGroup section */
		5A83D56A21F4AC7B00BA8F68 /* Network */ = {
			isa = PBXGroup;
			children = (
				5A83D56F21F4DF4E00BA8F68 /* NetworkingManager.swift */,
			);
			path = Network;
			sourceTree = "<group>";
		};
		A622F146741798E805F426DB /* Frameworks */ = {
			isa = PBXGroup;
			children = (
				F6729729515BE8AB6B63EB5D /* Pods_CareWeather.framework */,
			);
			name = Frameworks;
			sourceTree = "<group>";
		};
		DDB3CA41F323E24615A9041F /* Pods */ = {
			isa = PBXGroup;
			children = (
				615F7F17B8A5B970C325F737 /* Pods-CareWeather.debug.xcconfig */,
				576116567FB3D5E513C3B5E9 /* Pods-CareWeather.release.xcconfig */,
			);
			name = Pods;
			sourceTree = "<group>";
		};
		EE42947820D203A000376C56 = {
			isa = PBXGroup;
			children = (
				EE42948320D203A100376C56 /* CareWeather */,
				EE42948220D203A100376C56 /* Products */,
				DDB3CA41F323E24615A9041F /* Pods */,
				A622F146741798E805F426DB /* Frameworks */,
			);
			sourceTree = "<group>";
		};
		EE42948220D203A100376C56 /* Products */ = {
			isa = PBXGroup;
			children = (
				EE42948120D203A100376C56 /* CareWeather.app */,
			);
			name = Products;
			sourceTree = "<group>";
		};
		EE42948320D203A100376C56 /* CareWeather */ = {
			isa = PBXGroup;
			children = (
				EE79FC9A20D90C8B0074EBAC /* AAInfographics */,
				EE42949A20D3ADB700376C56 /* AppFrame */,
				EE79FC9020D899A30074EBAC /* Module */,
				EE42949B20D3ADB700376C56 /* Public */,
				EE42948820D203A100376C56 /* Main.storyboard */,
				EE79FC9820D8FFD90074EBAC /* Assets.xcassets */,
				EE42948D20D203C200376C56 /* LaunchScreen.storyboard */,
				EE42949020D203C200376C56 /* Info.plist */,
			);
			path = CareWeather;
			sourceTree = "<group>";
		};
		EE42949620D3AD7C00376C56 /* City */ = {
			isa = PBXGroup;
			children = (
				EE42949D20D3AE1300376C56 /* Controller */,
				EE42949E20D3AE1300376C56 /* Model */,
				EE42949C20D3AE1300376C56 /* View */,
			);
			path = City;
			sourceTree = "<group>";
		};
		EE42949720D3AD7C00376C56 /* Detail */ = {
			isa = PBXGroup;
			children = (
				EE4294A020D3AE1B00376C56 /* Controller */,
				EE4294A120D3AE1B00376C56 /* Model */,
				EE42949F20D3AE1B00376C56 /* View */,
			);
			path = Detail;
			sourceTree = "<group>";
		};
		EE42949820D3AD7C00376C56 /* Note */ = {
			isa = PBXGroup;
			children = (
				EE4294A620D3AE4900376C56 /* Controller */,
				EE4294A720D3AE4900376C56 /* Model */,
				EE4294A520D3AE4900376C56 /* View */,
			);
			path = Note;
			sourceTree = "<group>";
		};
		EE42949920D3AD7C00376C56 /* Home */ = {
			isa = PBXGroup;
			children = (
				EE4294A220D3AE2700376C56 /* Controller */,
				EE4294A320D3AE2700376C56 /* Model */,
				EE4294A420D3AE2700376C56 /* View */,
			);
			path = Home;
			sourceTree = "<group>";
		};
		EE42949A20D3ADB700376C56 /* AppFrame */ = {
			isa = PBXGroup;
			children = (
				EE79FCAF20DA26BB0074EBAC /* Base */,
				EE42948420D203A100376C56 /* AppDelegate.swift */,
			);
			path = AppFrame;
			sourceTree = "<group>";
		};
		EE42949B20D3ADB700376C56 /* Public */ = {
			isa = PBXGroup;
			children = (
				5A83D56A21F4AC7B00BA8F68 /* Network */,
				EE79FC9620D8E35E0074EBAC /* Configuration.swift */,
			);
			path = Public;
			sourceTree = "<group>";
		};
		EE42949C20D3AE1300376C56 /* View */ = {
			isa = PBXGroup;
			children = (
				EE92D7E120EC9FF600B83EB8 /* CityCell.swift */,
			);
			path = View;
			sourceTree = "<group>";
		};
		EE42949D20D3AE1300376C56 /* Controller */ = {
			isa = PBXGroup;
			children = (
				EE92D7D920EB74C200B83EB8 /* CityVC.swift */,
			);
			path = Controller;
			sourceTree = "<group>";
		};
		EE42949E20D3AE1300376C56 /* Model */ = {
			isa = PBXGroup;
			children = (
				EE47CB5121071B1800F861BB /* CityModel.swift */,
				EE47CB89210EB7A800F861BB /* AnimationTransitions.swift */,
			);
			path = Model;
			sourceTree = "<group>";
		};
		EE42949F20D3AE1B00376C56 /* View */ = {
			isa = PBXGroup;
			children = (
			);
			path = View;
			sourceTree = "<group>";
		};
		EE4294A020D3AE1B00376C56 /* Controller */ = {
			isa = PBXGroup;
			children = (
				EE47CB8B210EFBB700F861BB /* DetailVC.swift */,
			);
			path = Controller;
			sourceTree = "<group>";
		};
		EE4294A120D3AE1B00376C56 /* Model */ = {
			isa = PBXGroup;
			children = (
			);
			path = Model;
			sourceTree = "<group>";
		};
		EE4294A220D3AE2700376C56 /* Controller */ = {
			isa = PBXGroup;
			children = (
				EE42948620D203A100376C56 /* HomeVC.swift */,
			);
			path = Controller;
			sourceTree = "<group>";
		};
		EE4294A320D3AE2700376C56 /* Model */ = {
			isa = PBXGroup;
			children = (
				5A83D56821F4956B00BA8F68 /* WeatherModel.swift */,
			);
			path = Model;
			sourceTree = "<group>";
		};
		EE4294A420D3AE2700376C56 /* View */ = {
			isa = PBXGroup;
			children = (
				EE79FC9120D89B2C0074EBAC /* WeatherView.swift */,
				EE79FC9320D89B870074EBAC /* WeatherDetailView.swift */,
			);
			path = View;
			sourceTree = "<group>";
		};
		EE4294A520D3AE4900376C56 /* View */ = {
			isa = PBXGroup;
			children = (
			);
			path = View;
			sourceTree = "<group>";
		};
		EE4294A620D3AE4900376C56 /* Controller */ = {
			isa = PBXGroup;
			children = (
			);
			path = Controller;
			sourceTree = "<group>";
		};
		EE4294A720D3AE4900376C56 /* Model */ = {
			isa = PBXGroup;
			children = (
			);
			path = Model;
			sourceTree = "<group>";
		};
		EE79FC9020D899A30074EBAC /* Module */ = {
			isa = PBXGroup;
			children = (
				EE79FCB220DA320F0074EBAC /* GlobalInfo */,
				EE42949620D3AD7C00376C56 /* City */,
				EE42949720D3AD7C00376C56 /* Detail */,
				EE42949920D3AD7C00376C56 /* Home */,
				EE42949820D3AD7C00376C56 /* Note */,
			);
			path = Module;
			sourceTree = "<group>";
		};
		EE79FC9A20D90C8B0074EBAC /* AAInfographics */ = {
			isa = PBXGroup;
			children = (
				EE79FC9B20D90C8B0074EBAC /* AAChartCreator */,
				EE79FCA020D90C8B0074EBAC /* AAJSFiles */,
			);
			path = AAInfographics;
			sourceTree = "<group>";
		};
		EE79FC9B20D90C8B0074EBAC /* AAChartCreator */ = {
			isa = PBXGroup;
			children = (
				EE79FC9C20D90C8B0074EBAC /* AAChartModel.swift */,
				EE79FC9D20D90C8B0074EBAC /* AAChartView.swift */,
				EE79FC9E20D90C8B0074EBAC /* AASerializable.swift */,
				EE79FC9F20D90C8B0074EBAC /* AASeriesElement.swift */,
			);
			path = AAChartCreator;
			sourceTree = "<group>";
		};
		EE79FCA020D90C8B0074EBAC /* AAJSFiles */ = {
			isa = PBXGroup;
			children = (
				EE79FCA120D90C8B0074EBAC /* AAChartView.html */,
				EE79FCA220D90C8B0074EBAC /* AAFunnel.js */,
				EE79FCA320D90C8B0074EBAC /* AAHighchartsLib.js */,
				EE79FCA420D90C8B0074EBAC /* AAHighchartsMore.js */,
				EE79FCA520D90C8B0074EBAC /* AAOptionsConstructor.js */,
			);
			path = AAJSFiles;
			sourceTree = "<group>";
		};
		EE79FCAF20DA26BB0074EBAC /* Base */ = {
			isa = PBXGroup;
			children = (
				EE79FCB020DA26D20074EBAC /* BaseViewController.swift */,
			);
			path = Base;
			sourceTree = "<group>";
		};
		EE79FCB220DA320F0074EBAC /* GlobalInfo */ = {
			isa = PBXGroup;
			children = (
				EE79FCB320DA322B0074EBAC /* GlobalInfo.swift */,
			);
			path = GlobalInfo;
			sourceTree = "<group>";
		};
/* End PBXGroup section */

/* Begin PBXNativeTarget section */
		EE42948020D203A100376C56 /* CareWeather */ = {
			isa = PBXNativeTarget;
			buildConfigurationList = EE42949320D203C200376C56 /* Build configuration list for PBXNativeTarget "CareWeather" */;
			buildPhases = (
				DFD3B40288BC9ECF8E884498 /* [CP] Check Pods Manifest.lock */,
				EE42947D20D203A100376C56 /* Sources */,
				EE42947E20D203A100376C56 /* Frameworks */,
				EE42947F20D203A100376C56 /* Resources */,
				E9D0AA693DD9BDB4CCFF61B7 /* [CP] Embed Pods Frameworks */,
				638B3CD92934111E051C0C3F /* [CP] Copy Pods Resources */,
			);
			buildRules = (
			);
			dependencies = (
			);
			name = CareWeather;
			productName = CareWeather;
			productReference = EE42948120D203A100376C56 /* CareWeather.app */;
			productType = "com.apple.product-type.application";
		};
/* End PBXNativeTarget section */

/* Begin PBXProject section */
		EE42947920D203A000376C56 /* Project object */ = {
			isa = PBXProject;
			attributes = {
				LastSwiftUpdateCheck = 0940;
				LastUpgradeCheck = 0940;
				ORGANIZATIONNAME = "蓝麒麟";
				TargetAttributes = {
					EE42948020D203A100376C56 = {
						CreatedOnToolsVersion = 9.4;
					};
				};
			};
			buildConfigurationList = EE42947C20D203A000376C56 /* Build configuration list for PBXProject "CareWeather" */;
			compatibilityVersion = "Xcode 9.3";
			developmentRegion = en;
			hasScannedForEncodings = 0;
			knownRegions = (
				en,
				Base,
			);
			mainGroup = EE42947820D203A000376C56;
			productRefGroup = EE42948220D203A100376C56 /* Products */;
			projectDirPath = "";
			projectRoot = "";
			targets = (
				EE42948020D203A100376C56 /* CareWeather */,
			);
		};
/* End PBXProject section */

/* Begin PBXResourcesBuildPhase section */
		EE42947F20D203A100376C56 /* Resources */ = {
			isa = PBXResourcesBuildPhase;
			buildActionMask = 2147483647;
			files = (
				EE42948F20D203C200376C56 /* LaunchScreen.storyboard in Resources */,
				EE79FCAB20D90C8B0074EBAC /* AAFunnel.js in Resources */,
				EE79FC9920D8FFD90074EBAC /* Assets.xcassets in Resources */,
				EE79FCAC20D90C8B0074EBAC /* AAHighchartsLib.js in Resources */,
				EE79FCAA20D90C8B0074EBAC /* AAChartView.html in Resources */,
				EE79FCAD20D90C8B0074EBAC /* AAHighchartsMore.js in Resources */,
				EE79FCAE20D90C8B0074EBAC /* AAOptionsConstructor.js in Resources */,
				EE42948A20D203A100376C56 /* Main.storyboard in Resources */,
			);
			runOnlyForDeploymentPostprocessing = 0;
		};
/* End PBXResourcesBuildPhase section */

/* Begin PBXShellScriptBuildPhase section */
		638B3CD92934111E051C0C3F /* [CP] Copy Pods Resources */ = {
			isa = PBXShellScriptBuildPhase;
			buildActionMask = 2147483647;
			files = (
			);
			inputPaths = (
			);
			name = "[CP] Copy Pods Resources";
			outputPaths = (
			);
			runOnlyForDeploymentPostprocessing = 0;
			shellPath = /bin/sh;
			shellScript = "\"${SRCROOT}/Pods/Target Support Files/Pods-CareWeather/Pods-CareWeather-resources.sh\"\n";
			showEnvVarsInLog = 0;
		};
		DFD3B40288BC9ECF8E884498 /* [CP] Check Pods Manifest.lock */ = {
			isa = PBXShellScriptBuildPhase;
			buildActionMask = 2147483647;
			files = (
			);
			inputPaths = (
				"${PODS_PODFILE_DIR_PATH}/Podfile.lock",
				"${PODS_ROOT}/Manifest.lock",
			);
			name = "[CP] Check Pods Manifest.lock";
			outputPaths = (
				"$(DERIVED_FILE_DIR)/Pods-CareWeather-checkManifestLockResult.txt",
			);
			runOnlyForDeploymentPostprocessing = 0;
			shellPath = /bin/sh;
			shellScript = "diff \"${PODS_PODFILE_DIR_PATH}/Podfile.lock\" \"${PODS_ROOT}/Manifest.lock\" > /dev/null\nif [ $? != 0 ] ; then\n    # print error to STDERR\n    echo \"error: The sandbox is not in sync with the Podfile.lock. Run 'pod install' or update your CocoaPods installation.\" >&2\n    exit 1\nfi\n# This output is used by Xcode 'outputs' to avoid re-running this script phase.\necho \"SUCCESS\" > \"${SCRIPT_OUTPUT_FILE_0}\"\n";
			showEnvVarsInLog = 0;
		};
		E9D0AA693DD9BDB4CCFF61B7 /* [CP] Embed Pods Frameworks */ = {
			isa = PBXShellScriptBuildPhase;
			buildActionMask = 2147483647;
			files = (
			);
			inputPaths = (
				"${SRCROOT}/Pods/Target Support Files/Pods-CareWeather/Pods-CareWeather-frameworks.sh",
				"${BUILT_PRODUCTS_DIR}/Alamofire/Alamofire.framework",
				"${BUILT_PRODUCTS_DIR}/Kingfisher/Kingfisher.framework",
				"${BUILT_PRODUCTS_DIR}/Realm/Realm.framework",
				"${BUILT_PRODUCTS_DIR}/RealmSwift/RealmSwift.framework",
				"${BUILT_PRODUCTS_DIR}/SnapKit/SnapKit.framework",
			);
			name = "[CP] Embed Pods Frameworks";
			outputPaths = (
				"${TARGET_BUILD_DIR}/${FRAMEWORKS_FOLDER_PATH}/Alamofire.framework",
				"${TARGET_BUILD_DIR}/${FRAMEWORKS_FOLDER_PATH}/Kingfisher.framework",
				"${TARGET_BUILD_DIR}/${FRAMEWORKS_FOLDER_PATH}/Realm.framework",
				"${TARGET_BUILD_DIR}/${FRAMEWORKS_FOLDER_PATH}/RealmSwift.framework",
				"${TARGET_BUILD_DIR}/${FRAMEWORKS_FOLDER_PATH}/SnapKit.framework",
			);
			runOnlyForDeploymentPostprocessing = 0;
			shellPath = /bin/sh;
			shellScript = "\"${SRCROOT}/Pods/Target Support Files/Pods-CareWeather/Pods-CareWeather-frameworks.sh\"\n";
			showEnvVarsInLog = 0;
		};
/* End PBXShellScriptBuildPhase section */

/* Begin PBXSourcesBuildPhase section */
		EE42947D20D203A100376C56 /* Sources */ = {
			isa = PBXSourcesBuildPhase;
			buildActionMask = 2147483647;
			files = (
				EE79FCA820D90C8B0074EBAC /* AASerializable.swift in Sources */,
				EE79FCA620D90C8B0074EBAC /* AAChartModel.swift in Sources */,
				EE79FCA720D90C8B0074EBAC /* AAChartView.swift in Sources */,
				EE92D7E220EC9FF600B83EB8 /* CityCell.swift in Sources */,
				EE79FCA920D90C8B0074EBAC /* AASeriesElement.swift in Sources */,
				EE47CB8C210EFBB700F861BB /* DetailVC.swift in Sources */,
				EE47CB8A210EB7A800F861BB /* AnimationTransitions.swift in Sources */,
				EE79FCB420DA322B0074EBAC /* GlobalInfo.swift in Sources */,
				EE47CB5221071B1800F861BB /* CityModel.swift in Sources */,
				EE79FC9420D89B870074EBAC /* WeatherDetailView.swift in Sources */,
				EE79FCB120DA26D20074EBAC /* BaseViewController.swift in Sources */,
				EE79FC9720D8E35E0074EBAC /* Configuration.swift in Sources */,
				EE79FC9220D89B2C0074EBAC /* WeatherView.swift in Sources */,
				EE92D7DA20EB74C200B83EB8 /* CityVC.swift in Sources */,
				5A83D56921F4956B00BA8F68 /* WeatherModel.swift in Sources */,
				5A83D57021F4DF4E00BA8F68 /* NetworkingManager.swift in Sources */,
				EE42948720D203A100376C56 /* HomeVC.swift in Sources */,
				EE42948520D203A100376C56 /* AppDelegate.swift in Sources */,
			);
			runOnlyForDeploymentPostprocessing = 0;
		};
/* End PBXSourcesBuildPhase section */

/* Begin PBXVariantGroup section */
		EE42948820D203A100376C56 /* Main.storyboard */ = {
			isa = PBXVariantGroup;
			children = (
				EE42948920D203A100376C56 /* Base */,
			);
			name = Main.storyboard;
			sourceTree = "<group>";
		};
		EE42948D20D203C200376C56 /* LaunchScreen.storyboard */ = {
			isa = PBXVariantGroup;
			children = (
				EE42948E20D203C200376C56 /* Base */,
			);
			name = LaunchScreen.storyboard;
			sourceTree = "<group>";
		};
/* End PBXVariantGroup section */

/* Begin XCBuildConfiguration section */
		EE42949120D203C200376C56 /* Debug */ = {
			isa = XCBuildConfiguration;
			buildSettings = {
				ALWAYS_SEARCH_USER_PATHS = NO;
				CLANG_ANALYZER_NONNULL = YES;
				CLANG_ANALYZER_NUMBER_OBJECT_CONVERSION = YES_AGGRESSIVE;
				CLANG_CXX_LANGUAGE_STANDARD = "gnu++14";
				CLANG_CXX_LIBRARY = "libc++";
				CLANG_ENABLE_MODULES = YES;
				CLANG_ENABLE_OBJC_ARC = YES;
				CLANG_ENABLE_OBJC_WEAK = YES;
				CLANG_WARN_BLOCK_CAPTURE_AUTORELEASING = YES;
				CLANG_WARN_BOOL_CONVERSION = YES;
				CLANG_WARN_COMMA = YES;
				CLANG_WARN_CONSTANT_CONVERSION = YES;
				CLANG_WARN_DEPRECATED_OBJC_IMPLEMENTATIONS = YES;
				CLANG_WARN_DIRECT_OBJC_ISA_USAGE = YES_ERROR;
				CLANG_WARN_DOCUMENTATION_COMMENTS = YES;
				CLANG_WARN_EMPTY_BODY = YES;
				CLANG_WARN_ENUM_CONVERSION = YES;
				CLANG_WARN_INFINITE_RECURSION = YES;
				CLANG_WARN_INT_CONVERSION = YES;
				CLANG_WARN_NON_LITERAL_NULL_CONVERSION = YES;
				CLANG_WARN_OBJC_IMPLICIT_RETAIN_SELF = YES;
				CLANG_WARN_OBJC_LITERAL_CONVERSION = YES;
				CLANG_WARN_OBJC_ROOT_CLASS = YES_ERROR;
				CLANG_WARN_RANGE_LOOP_ANALYSIS = YES;
				CLANG_WARN_STRICT_PROTOTYPES = YES;
				CLANG_WARN_SUSPICIOUS_MOVE = YES;
				CLANG_WARN_UNGUARDED_AVAILABILITY = YES_AGGRESSIVE;
				CLANG_WARN_UNREACHABLE_CODE = YES;
				CLANG_WARN__DUPLICATE_METHOD_MATCH = YES;
				CODE_SIGN_IDENTITY = "iPhone Developer";
				COPY_PHASE_STRIP = NO;
				DEBUG_INFORMATION_FORMAT = dwarf;
				ENABLE_STRICT_OBJC_MSGSEND = YES;
				ENABLE_TESTABILITY = YES;
				GCC_C_LANGUAGE_STANDARD = gnu11;
				GCC_DYNAMIC_NO_PIC = NO;
				GCC_NO_COMMON_BLOCKS = YES;
				GCC_OPTIMIZATION_LEVEL = 0;
				GCC_PREPROCESSOR_DEFINITIONS = (
					"DEBUG=1",
					"$(inherited)",
				);
				GCC_WARN_64_TO_32_BIT_CONVERSION = YES;
				GCC_WARN_ABOUT_RETURN_TYPE = YES_ERROR;
				GCC_WARN_UNDECLARED_SELECTOR = YES;
				GCC_WARN_UNINITIALIZED_AUTOS = YES_AGGRESSIVE;
				GCC_WARN_UNUSED_FUNCTION = YES;
				GCC_WARN_UNUSED_VARIABLE = YES;
				IPHONEOS_DEPLOYMENT_TARGET = 11.0;
				MTL_ENABLE_DEBUG_INFO = YES;
				ONLY_ACTIVE_ARCH = YES;
				SDKROOT = iphoneos;
				SWIFT_ACTIVE_COMPILATION_CONDITIONS = DEBUG;
				SWIFT_OPTIMIZATION_LEVEL = "-Onone";
			};
			name = Debug;
		};
		EE42949220D203C200376C56 /* Release */ = {
			isa = XCBuildConfiguration;
			buildSettings = {
				ALWAYS_SEARCH_USER_PATHS = NO;
				CLANG_ANALYZER_NONNULL = YES;
				CLANG_ANALYZER_NUMBER_OBJECT_CONVERSION = YES_AGGRESSIVE;
				CLANG_CXX_LANGUAGE_STANDARD = "gnu++14";
				CLANG_CXX_LIBRARY = "libc++";
				CLANG_ENABLE_MODULES = YES;
				CLANG_ENABLE_OBJC_ARC = YES;
				CLANG_ENABLE_OBJC_WEAK = YES;
				CLANG_WARN_BLOCK_CAPTURE_AUTORELEASING = YES;
				CLANG_WARN_BOOL_CONVERSION = YES;
				CLANG_WARN_COMMA = YES;
				CLANG_WARN_CONSTANT_CONVERSION = YES;
				CLANG_WARN_DEPRECATED_OBJC_IMPLEMENTATIONS = YES;
				CLANG_WARN_DIRECT_OBJC_ISA_USAGE = YES_ERROR;
				CLANG_WARN_DOCUMENTATION_COMMENTS = YES;
				CLANG_WARN_EMPTY_BODY = YES;
				CLANG_WARN_ENUM_CONVERSION = YES;
				CLANG_WARN_INFINITE_RECURSION = YES;
				CLANG_WARN_INT_CONVERSION = YES;
				CLANG_WARN_NON_LITERAL_NULL_CONVERSION = YES;
				CLANG_WARN_OBJC_IMPLICIT_RETAIN_SELF = YES;
				CLANG_WARN_OBJC_LITERAL_CONVERSION = YES;
				CLANG_WARN_OBJC_ROOT_CLASS = YES_ERROR;
				CLANG_WARN_RANGE_LOOP_ANALYSIS = YES;
				CLANG_WARN_STRICT_PROTOTYPES = YES;
				CLANG_WARN_SUSPICIOUS_MOVE = YES;
				CLANG_WARN_UNGUARDED_AVAILABILITY = YES_AGGRESSIVE;
				CLANG_WARN_UNREACHABLE_CODE = YES;
				CLANG_WARN__DUPLICATE_METHOD_MATCH = YES;
				CODE_SIGN_IDENTITY = "iPhone Developer";
				COPY_PHASE_STRIP = NO;
				DEBUG_INFORMATION_FORMAT = "dwarf-with-dsym";
				ENABLE_NS_ASSERTIONS = NO;
				ENABLE_STRICT_OBJC_MSGSEND = YES;
				GCC_C_LANGUAGE_STANDARD = gnu11;
				GCC_NO_COMMON_BLOCKS = YES;
				GCC_WARN_64_TO_32_BIT_CONVERSION = YES;
				GCC_WARN_ABOUT_RETURN_TYPE = YES_ERROR;
				GCC_WARN_UNDECLARED_SELECTOR = YES;
				GCC_WARN_UNINITIALIZED_AUTOS = YES_AGGRESSIVE;
				GCC_WARN_UNUSED_FUNCTION = YES;
				GCC_WARN_UNUSED_VARIABLE = YES;
				IPHONEOS_DEPLOYMENT_TARGET = 11.0;
				MTL_ENABLE_DEBUG_INFO = NO;
				SDKROOT = iphoneos;
				SWIFT_COMPILATION_MODE = wholemodule;
				SWIFT_OPTIMIZATION_LEVEL = "-O";
				VALIDATE_PRODUCT = YES;
			};
			name = Release;
		};
		EE42949420D203C200376C56 /* Debug */ = {
			isa = XCBuildConfiguration;
			baseConfigurationReference = 615F7F17B8A5B970C325F737 /* Pods-CareWeather.debug.xcconfig */;
			buildSettings = {
				ASSETCATALOG_COMPILER_APPICON_NAME = AppIcon;
				CODE_SIGN_STYLE = Automatic;
				DEVELOPMENT_TEAM = 76XNPEAD75;
				INFOPLIST_FILE = CareWeather/Info.plist;
				IPHONEOS_DEPLOYMENT_TARGET = 11.0;
				LD_RUNPATH_SEARCH_PATHS = (
					"$(inherited)",
					"@executable_path/Frameworks",
				);
				PRODUCT_BUNDLE_IDENTIFIER = HiddenHorse.CareWeather;
				PRODUCT_NAME = "$(TARGET_NAME)";
				SWIFT_VERSION = 4.0;
				TARGETED_DEVICE_FAMILY = "1,2";
			};
			name = Debug;
		};
		EE42949520D203C200376C56 /* Release */ = {
			isa = XCBuildConfiguration;
			baseConfigurationReference = 576116567FB3D5E513C3B5E9 /* Pods-CareWeather.release.xcconfig */;
			buildSettings = {
				ASSETCATALOG_COMPILER_APPICON_NAME = AppIcon;
				CODE_SIGN_STYLE = Automatic;
				DEVELOPMENT_TEAM = 76XNPEAD75;
				INFOPLIST_FILE = CareWeather/Info.plist;
				IPHONEOS_DEPLOYMENT_TARGET = 11.0;
				LD_RUNPATH_SEARCH_PATHS = (
					"$(inherited)",
					"@executable_path/Frameworks",
				);
				PRODUCT_BUNDLE_IDENTIFIER = HiddenHorse.CareWeather;
				PRODUCT_NAME = "$(TARGET_NAME)";
				SWIFT_VERSION = 4.0;
				TARGETED_DEVICE_FAMILY = "1,2";
			};
			name = Release;
		};
/* End XCBuildConfiguration section */

/* Begin XCConfigurationList section */
		EE42947C20D203A000376C56 /* Build configuration list for PBXProject "CareWeather" */ = {
			isa = XCConfigurationList;
			buildConfigurations = (
				EE42949120D203C200376C56 /* Debug */,
				EE42949220D203C200376C56 /* Release */,
			);
			defaultConfigurationIsVisible = 0;
			defaultConfigurationName = Release;
		};
		EE42949320D203C200376C56 /* Build configuration list for PBXNativeTarget "CareWeather" */ = {
			isa = XCConfigurationList;
			buildConfigurations = (
				EE42949420D203C200376C56 /* Debug */,
				EE42949520D203C200376C56 /* Release */,
			);
			defaultConfigurationIsVisible = 0;
			defaultConfigurationName = Release;
		};
/* End XCConfigurationList section */
	};
	rootObject = EE42947920D203A000376C56 /* Project object */;
}
